{
    "_readme": [
        "This file locks the dependencies of your project to a known state",
        "Read more about it at http://getcomposer.org/doc/01-basic-usage.md#composer-lock-the-lock-file",
        "This file is @generated automatically"
    ],
    "hash": "8094499b7fadae783fb6a83cc159beff",
    "packages": [
        {
            "name": "codepile/scrive-directory-installer",
            "version": "dev-master",
            "source": {
                "type": "git",
                "url": "https://github.com/codePile/Scrive-Directory-Installer.git",
                "reference": "76515cbe68d18410e669cf47d14a2ba5cd2bee4a"
            },
            "dist": {
                "type": "zip",
                "url": "https://api.github.com/repos/codePile/Scrive-Directory-Installer/zipball/76515cbe68d18410e669cf47d14a2ba5cd2bee4a",
                "reference": "76515cbe68d18410e669cf47d14a2ba5cd2bee4a",
                "shasum": ""
            },
            "require": {
                "composer-plugin-api": "1.0.0",
                "php": ">=5.3"
            },
            "type": "composer-plugin",
            "extra": {
                "class": [
                    "Composer\\ScriveDirectoryInstaller\\LibInstallerPlugin",
                    "Composer\\ScriveDirectoryInstaller\\ExtensionInstallerPlugin",
                    "Composer\\ScriveDirectoryInstaller\\ModuleInstallerPlugin",
                    "Composer\\ScriveDirectoryInstaller\\PluginInstallerPlugin",
                    "Composer\\ScriveDirectoryInstaller\\ThemeInstallerPlugin"
                ]
            },
            "autoload": {
                "psr-0": {
                    "Composer\\ScriveDirectoryInstaller": "src/"
                }
            },
            "notification-url": "https://packagist.org/downloads/",
            "license": [
                "GPL-3.0"
            ],
            "authors": [
                {
                    "name": "Jason Alan Kennedy",
                    "homepage": "https://github.com/Celtic-Parser",
                    "role": "Developer"
                }
            ],
            "description": "A composer plugin, to help install Scrive CMS/F packages in custom paths.",
            "keywords": [
                "composer",
                "composer-installer",
                "composer-plugin"
            ],
            "time": "2015-02-17 19:47:41"
        },
        {
            "name": "codepile/scrive-src-lib",
            "version": "dev-release/v0.1.0",
            "source": {
                "type": "git",
                "url": "https://github.com/codePile/Scrive-Src-Libs.git",
                "reference": "3db18e6a6f3e897a26395551db6560d3c09924fe"
            },
            "dist": {
                "type": "zip",
                "url": "https://api.github.com/repos/codePile/Scrive-Src-Libs/zipball/3db18e6a6f3e897a26395551db6560d3c09924fe",
                "reference": "3db18e6a6f3e897a26395551db6560d3c09924fe",
                "shasum": ""
            },
            "require": {
                "codepile/scrive-directory-installer": "dev-master",
                "composer-plugin-api": "*"
            },
            "type": "scrive-libs",
            "notification-url": "https://packagist.org/downloads/",
            "license": [
                "GPL-3.0"
            ],
            "authors": [
                {
                    "name": "Jason Alan Kennedy",
                    "homepage": "https://github.com/Celtic-Parser",
                    "role": "Developer"
                }
            ],
            "description": "These are the source library files for the Scrive Framework.",
            "homepage": "http://scrive.codepile.co/",
            "keywords": [
                "Scrive",
                "cmf",
                "cms",
                "libs"
            ],
            "time": "2015-02-17 16:43:48"
        },
        {
            "name": "michelf/php-markdown",
            "version": "1.4.1",
            "source": {
                "type": "git",
                "url": "https://github.com/michelf/php-markdown.git",
                "reference": "de9a19c7bf352d41cc99ed86c3c0ef17e87394b6"
            },
            "dist": {
                "type": "zip",
                "url": "https://api.github.com/repos/michelf/php-markdown/zipball/de9a19c7bf352d41cc99ed86c3c0ef17e87394b6",
                "reference": "de9a19c7bf352d41cc99ed86c3c0ef17e87394b6",
                "shasum": ""
            },
            "require": {
                "php": ">=5.3.0"
            },
            "type": "library",
            "extra": {
                "branch-alias": {
                    "dev-lib": "1.4.x-dev"
                }
            },
            "autoload": {
                "psr-0": {
                    "Michelf": ""
                }
            },
            "notification-url": "https://packagist.org/downloads/",
            "license": [
                "BSD-3-Clause"
            ],
            "authors": [
                {
                    "name": "Michel Fortin",
                    "email": "michel.fortin@michelf.ca",
                    "homepage": "http://michelf.ca/",
                    "role": "Developer"
                },
                {
                    "name": "John Gruber",
                    "homepage": "http://daringfireball.net/"
                }
            ],
            "description": "PHP Markdown",
            "homepage": "http://michelf.ca/projects/php-markdown/",
            "keywords": [
                "markdown"
            ],
            "time": "2014-05-05 02:43:50"
        },
        {
            "name": "twig/twig",
            "version": "v1.18.0",
            "source": {
                "type": "git",
                "url": "https://github.com/twigphp/Twig.git",
                "reference": "4cf7464348e7f9893a93f7096a90b73722be99cf"
            },
            "dist": {
                "type": "zip",
                "url": "https://api.github.com/repos/twigphp/Twig/zipball/4cf7464348e7f9893a93f7096a90b73722be99cf",
                "reference": "4cf7464348e7f9893a93f7096a90b73722be99cf",
                "shasum": ""
            },
            "require": {
                "php": ">=5.2.4"
            },
            "type": "library",
            "extra": {
                "branch-alias": {
                    "dev-master": "1.18-dev"
                }
            },
            "autoload": {
                "psr-0": {
                    "Twig_": "lib/"
                }
            },
            "notification-url": "https://packagist.org/downloads/",
            "license": [
                "BSD-3-Clause"
            ],
            "authors": [
                {
                    "name": "Fabien Potencier",
                    "email": "fabien@symfony.com",
                    "homepage": "http://fabien.potencier.org",
                    "role": "Lead Developer"
                },
                {
                    "name": "Armin Ronacher",
                    "email": "armin.ronacher@active-4.com",
                    "role": "Project Founder"
                },
                {
                    "name": "Twig Team",
                    "homepage": "http://twig.sensiolabs.org/contributors",
                    "role": "Contributors"
                }
            ],
            "description": "Twig, the flexible, fast, and secure template language for PHP",
            "homepage": "http://twig.sensiolabs.org",
            "keywords": [
                "templating"
            ],
            "time": "2015-01-25 17:32:08"
        }
    ],
    "packages-dev": [],
    "aliases": [],
    "minimum-stability": "stable",
    "stability-flags": {
        "codepile/scrive-directory-installer": 20,
        "codepile/scrive-src-lib": 20
    },
    "prefer-stable": false,
    "prefer-lowest": false,
    "platform": {
        "php": ">=5.2.4"
    },
    "platform-dev": []
}
